
Microsoft Visual Studio Solution File, Format Version 12.00
# Visual Studio Version 17
VisualStudioVersion = 17.5.33414.496
MinimumVisualStudioVersion = 10.0.40219.1
Project("{FAE04EC0-301F-11D3-BF4B-00C04F79EFBC}") = "EventSourceTests", "EventSourceTests\EventSourceTests.csproj", "{92AE8970-CC85-4A38-AE8C-2EC3CA8046BA}"
EndProject
Global
	GlobalSection(SolutionConfigurationPlatforms) = preSolution
		Debug|Any CPU = Debug|Any CPU
		Release|Any CPU = Release|Any CPU
	EndGlobalSection
	GlobalSection(ProjectConfigurationPlatforms) = postSolution
		{92AE8970-CC85-4A38-AE8C-2EC3CA8046BA}.Debug|Any CPU.ActiveCfg = Debug|Any CPU
		{92AE8970-CC85-4A38-AE8C-2EC3CA8046BA}.Debug|Any CPU.Build.0 = Debug|Any CPU
		{92AE8970-CC85-4A38-AE8C-2EC3CA8046BA}.Release|Any CPU.ActiveCfg = Release|Any CPU
		{92AE8970-CC85-4A38-AE8C-2EC3CA8046BA}.Release|Any CPU.Build.0 = Release|Any CPU
	EndGlobalSection
	GlobalSection(SolutionProperties) = preSolution
		HideSolutionNode = FALSE
	EndGlobalSection
	GlobalSection(ExtensibilityGlobals) = postSolution
		SolutionGuid = {566E77CD-1FC8-4A3A-9FBB-6CA114083224}
	EndGlobalSection
EndGlobal
